<?xml version="1.0" encoding="UTF-8"?>
<CodeBlocks_project_file>
	<FileVersion major="1" minor="6"/>
	<Project>
		<Option title="TextEditor"/>
		<Option makefile_is_custom="1"/>
		<Option compiler="gcc"/>
		<Option virtualFolders="CMake Files\;"/>
		<Build>
			<Target title="all">
				<Option working_dir="/mnt/c/Users/vmadmin/CLionProjects/TextEditor/cmake-build-debug"/>
				<Option type="4"/>
				<MakeCommands>
					<Build command="/usr/bin/make -j2 -f &quot;/mnt/c/Users/vmadmin/CLionProjects/TextEditor/cmake-build-debug/Makefile&quot;  VERBOSE=1 all"/>
					<CompileFile command="/usr/bin/make -j2 -f &quot;/mnt/c/Users/vmadmin/CLionProjects/TextEditor/cmake-build-debug/Makefile&quot;  VERBOSE=1 &quot;$file&quot;"/>
					<Clean command="/usr/bin/make -j2 -f &quot;/mnt/c/Users/vmadmin/CLionProjects/TextEditor/cmake-build-debug/Makefile&quot;  VERBOSE=1 clean"/>
					<DistClean command="/usr/bin/make -j2 -f &quot;/mnt/c/Users/vmadmin/CLionProjects/TextEditor/cmake-build-debug/Makefile&quot;  VERBOSE=1 clean"/>
				</MakeCommands>
			</Target>
			<Target title="rebuild_cache">
				<Option working_dir="/mnt/c/Users/vmadmin/CLionProjects/TextEditor/cmake-build-debug"/>
				<Option type="4"/>
				<MakeCommands>
					<Build command="/usr/bin/make -j2 -f &quot;/mnt/c/Users/vmadmin/CLionProjects/TextEditor/cmake-build-debug/Makefile&quot;  VERBOSE=1 rebuild_cache"/>
					<CompileFile command="/usr/bin/make -j2 -f &quot;/mnt/c/Users/vmadmin/CLionProjects/TextEditor/cmake-build-debug/Makefile&quot;  VERBOSE=1 &quot;$file&quot;"/>
					<Clean command="/usr/bin/make -j2 -f &quot;/mnt/c/Users/vmadmin/CLionProjects/TextEditor/cmake-build-debug/Makefile&quot;  VERBOSE=1 clean"/>
					<DistClean command="/usr/bin/make -j2 -f &quot;/mnt/c/Users/vmadmin/CLionProjects/TextEditor/cmake-build-debug/Makefile&quot;  VERBOSE=1 clean"/>
				</MakeCommands>
			</Target>
			<Target title="TextEditor">
				<Option output="/mnt/c/Users/vmadmin/CLionProjects/TextEditor/cmake-build-debug/TextEditor" prefix_auto="0" extension_auto="0"/>
				<Option working_dir="/mnt/c/Users/vmadmin/CLionProjects/TextEditor/cmake-build-debug"/>
				<Option object_output="./"/>
				<Option type="1"/>
				<Option compiler="gcc"/>
				<Compiler>
					<Add directory="/usr/lib/gcc/x86_64-linux-gnu/7/include"/>
					<Add directory="/usr/local/include"/>
					<Add directory="/usr/lib/gcc/x86_64-linux-gnu/7/include-fixed"/>
					<Add directory="/usr/include/x86_64-linux-gnu"/>
					<Add directory="/usr/include"/>
				</Compiler>
				<MakeCommands>
					<Build command="/usr/bin/make -j2 -f &quot;/mnt/c/Users/vmadmin/CLionProjects/TextEditor/cmake-build-debug/Makefile&quot;  VERBOSE=1 TextEditor"/>
					<CompileFile command="/usr/bin/make -j2 -f &quot;/mnt/c/Users/vmadmin/CLionProjects/TextEditor/cmake-build-debug/Makefile&quot;  VERBOSE=1 &quot;$file&quot;"/>
					<Clean command="/usr/bin/make -j2 -f &quot;/mnt/c/Users/vmadmin/CLionProjects/TextEditor/cmake-build-debug/Makefile&quot;  VERBOSE=1 clean"/>
					<DistClean command="/usr/bin/make -j2 -f &quot;/mnt/c/Users/vmadmin/CLionProjects/TextEditor/cmake-build-debug/Makefile&quot;  VERBOSE=1 clean"/>
				</MakeCommands>
			</Target>
			<Target title="TextEditor/fast">
				<Option output="/mnt/c/Users/vmadmin/CLionProjects/TextEditor/cmake-build-debug/TextEditor" prefix_auto="0" extension_auto="0"/>
				<Option working_dir="/mnt/c/Users/vmadmin/CLionProjects/TextEditor/cmake-build-debug"/>
				<Option object_output="./"/>
				<Option type="1"/>
				<Option compiler="gcc"/>
				<Compiler>
					<Add directory="/usr/lib/gcc/x86_64-linux-gnu/7/include"/>
					<Add directory="/usr/local/include"/>
					<Add directory="/usr/lib/gcc/x86_64-linux-gnu/7/include-fixed"/>
					<Add directory="/usr/include/x86_64-linux-gnu"/>
					<Add directory="/usr/include"/>
				</Compiler>
				<MakeCommands>
					<Build command="/usr/bin/make -j2 -f &quot;/mnt/c/Users/vmadmin/CLionProjects/TextEditor/cmake-build-debug/Makefile&quot;  VERBOSE=1 TextEditor/fast"/>
					<CompileFile command="/usr/bin/make -j2 -f &quot;/mnt/c/Users/vmadmin/CLionProjects/TextEditor/cmake-build-debug/Makefile&quot;  VERBOSE=1 &quot;$file&quot;"/>
					<Clean command="/usr/bin/make -j2 -f &quot;/mnt/c/Users/vmadmin/CLionProjects/TextEditor/cmake-build-debug/Makefile&quot;  VERBOSE=1 clean"/>
					<DistClean command="/usr/bin/make -j2 -f &quot;/mnt/c/Users/vmadmin/CLionProjects/TextEditor/cmake-build-debug/Makefile&quot;  VERBOSE=1 clean"/>
				</MakeCommands>
			</Target>
			<Target title="edit_cache">
				<Option working_dir="/mnt/c/Users/vmadmin/CLionProjects/TextEditor/cmake-build-debug"/>
				<Option type="4"/>
				<MakeCommands>
					<Build command="/usr/bin/make -j2 -f &quot;/mnt/c/Users/vmadmin/CLionProjects/TextEditor/cmake-build-debug/Makefile&quot;  VERBOSE=1 edit_cache"/>
					<CompileFile command="/usr/bin/make -j2 -f &quot;/mnt/c/Users/vmadmin/CLionProjects/TextEditor/cmake-build-debug/Makefile&quot;  VERBOSE=1 &quot;$file&quot;"/>
					<Clean command="/usr/bin/make -j2 -f &quot;/mnt/c/Users/vmadmin/CLionProjects/TextEditor/cmake-build-debug/Makefile&quot;  VERBOSE=1 clean"/>
					<DistClean command="/usr/bin/make -j2 -f &quot;/mnt/c/Users/vmadmin/CLionProjects/TextEditor/cmake-build-debug/Makefile&quot;  VERBOSE=1 clean"/>
				</MakeCommands>
			</Target>
		</Build>
		<Unit filename="/mnt/c/Users/vmadmin/CLionProjects/TextEditor/main.c">
			<Option target="TextEditor"/>
		</Unit>
		<Unit filename="/mnt/c/Users/vmadmin/CLionProjects/TextEditor/CMakeLists.txt">
			<Option virtualFolder="CMake Files\"/>
		</Unit>
	</Project>
</CodeBlocks_project_file>
